
Microsoft Visual Studio Solution File, Format Version 12.00
# Visual Studio Version 17
VisualStudioVersion = 17.7.34031.279
MinimumVisualStudioVersion = 10.0.40219.1
Project("{9A19103F-16F7-4668-BE54-9A1E7A4F7556}") = "GraphQL.Filters.Core", "GraphQL.Filters.Core\GraphQL.Filters.Core.csproj", "{65C0909E-70F5-4773-9408-0781A01B1C9F}"
EndProject
Project("{9A19103F-16F7-4668-BE54-9A1E7A4F7556}") = "GraphQL.Filters.Tests", "GraphQL.Filters.Tests\GraphQL.Filters.Tests.csproj", "{0EB214E0-F849-4611-AA5B-7DAF8DD980F3}"
EndProject
Project("{FAE04EC0-301F-11D3-BF4B-00C04F79EFBC}") = "GraphQL.Filters.Examples", "GraphQL.Filters.Examples\GraphQL.Filters.Examples.csproj", "{9E5BC19E-D313-4B8A-882F-A2BBE286E5D1}"
EndProject
Global
	GlobalSection(SolutionConfigurationPlatforms) = preSolution
		Debug|Any CPU = Debug|Any CPU
		Release|Any CPU = Release|Any CPU
	EndGlobalSection
	GlobalSection(ProjectConfigurationPlatforms) = postSolution
		{65C0909E-70F5-4773-9408-0781A01B1C9F}.Debug|Any CPU.ActiveCfg = Debug|Any CPU
		{65C0909E-70F5-4773-9408-0781A01B1C9F}.Debug|Any CPU.Build.0 = Debug|Any CPU
		{65C0909E-70F5-4773-9408-0781A01B1C9F}.Release|Any CPU.ActiveCfg = Release|Any CPU
		{65C0909E-70F5-4773-9408-0781A01B1C9F}.Release|Any CPU.Build.0 = Release|Any CPU
		{0EB214E0-F849-4611-AA5B-7DAF8DD980F3}.Debug|Any CPU.ActiveCfg = Debug|Any CPU
		{0EB214E0-F849-4611-AA5B-7DAF8DD980F3}.Debug|Any CPU.Build.0 = Debug|Any CPU
		{0EB214E0-F849-4611-AA5B-7DAF8DD980F3}.Release|Any CPU.ActiveCfg = Release|Any CPU
		{0EB214E0-F849-4611-AA5B-7DAF8DD980F3}.Release|Any CPU.Build.0 = Release|Any CPU
		{9E5BC19E-D313-4B8A-882F-A2BBE286E5D1}.Debug|Any CPU.ActiveCfg = Debug|Any CPU
		{9E5BC19E-D313-4B8A-882F-A2BBE286E5D1}.Debug|Any CPU.Build.0 = Debug|Any CPU
		{9E5BC19E-D313-4B8A-882F-A2BBE286E5D1}.Release|Any CPU.ActiveCfg = Release|Any CPU
		{9E5BC19E-D313-4B8A-882F-A2BBE286E5D1}.Release|Any CPU.Build.0 = Release|Any CPU
	EndGlobalSection
	GlobalSection(SolutionProperties) = preSolution
		HideSolutionNode = FALSE
	EndGlobalSection
	GlobalSection(ExtensibilityGlobals) = postSolution
		SolutionGuid = {06DC198D-3F19-4C8F-93F4-568CF08FDE8D}
	EndGlobalSection
EndGlobal
